
Microsoft Visual Studio Solution File, Format Version 12.00
# Visual Studio Version 17
VisualStudioVersion = 17.13.35931.197 d17.13
MinimumVisualStudioVersion = 10.0.40219.1
Project("{FAE04EC0-301F-11D3-BF4B-00C04F79EFBC}") = "Parte1", "Parte1\Parte1.csproj", "{85F381FC-DBE1-4633-8304-C4E28EED969B}"
EndProject
Global
	GlobalSection(SolutionConfigurationPlatforms) = preSolution
		Debug|Any CPU = Debug|Any CPU
		Release|Any CPU = Release|Any CPU
	EndGlobalSection
	GlobalSection(ProjectConfigurationPlatforms) = postSolution
		{85F381FC-DBE1-4633-8304-C4E28EED969B}.Debug|Any CPU.ActiveCfg = Debug|Any CPU
		{85F381FC-DBE1-4633-8304-C4E28EED969B}.Debug|Any CPU.Build.0 = Debug|Any CPU
		{85F381FC-DBE1-4633-8304-C4E28EED969B}.Release|Any CPU.ActiveCfg = Release|Any CPU
		{85F381FC-DBE1-4633-8304-C4E28EED969B}.Release|Any CPU.Build.0 = Release|Any CPU
	EndGlobalSection
	GlobalSection(SolutionProperties) = preSolution
		HideSolutionNode = FALSE
	EndGlobalSection
	GlobalSection(ExtensibilityGlobals) = postSolution
		SolutionGuid = {8C47AE83-F715-4BC6-8194-3D986A300AD3}
	EndGlobalSection
EndGlobal
